
Microsoft Visual Studio Solution File, Format Version 11.00
# Visual Studio 2010
Project("{FAE04EC0-301F-11D3-BF4B-00C04F79EFBC}") = "Unity.Timeline", "Unity.Timeline.csproj", "{38265fb4-adc5-51fb-2fa0-839ceeaa3708}"
EndProject
Project("{FAE04EC0-301F-11D3-BF4B-00C04F79EFBC}") = "Unity.Timeline.Editor", "Unity.Timeline.Editor.csproj", "{3bcc8a66-be45-4c3c-f019-46607ddaf09d}"
EndProject
Project("{FAE04EC0-301F-11D3-BF4B-00C04F79EFBC}") = "Unity.TextMeshPro.Editor", "Unity.TextMeshPro.Editor.csproj", "{25f8a374-d41e-b483-e4d4-2eb4f65553b4}"
EndProject
Project("{FAE04EC0-301F-11D3-BF4B-00C04F79EFBC}") = "Zenject", "Zenject.csproj", "{c1fe0197-07ba-c5cf-b8f4-d895616b7bd8}"
EndProject
Project("{FAE04EC0-301F-11D3-BF4B-00C04F79EFBC}") = "Unity.PlasticSCM.Editor", "Unity.PlasticSCM.Editor.csproj", "{7b3bd206-e28c-a660-71e2-7f62c846ee69}"
EndProject
Project("{FAE04EC0-301F-11D3-BF4B-00C04F79EFBC}") = "Unity.VisualScripting.Flow", "Unity.VisualScripting.Flow.csproj", "{61035ef5-cdf9-334c-cd6b-3336b2f1f23e}"
EndProject
Project("{FAE04EC0-301F-11D3-BF4B-00C04F79EFBC}") = "UnityEditor.UI", "UnityEditor.UI.csproj", "{f0512940-4095-6990-09da-6cbab1d754c4}"
EndProject
Project("{FAE04EC0-301F-11D3-BF4B-00C04F79EFBC}") = "Unity.Addressables.Editor.Tests.DocExampleCode", "Unity.Addressables.Editor.Tests.DocExampleCode.csproj", "{285d09a0-372e-8d2a-3fbd-f5b0e9ecf350}"
EndProject
Project("{FAE04EC0-301F-11D3-BF4B-00C04F79EFBC}") = "Unity.ScriptableBuildPipeline.Editor", "Unity.ScriptableBuildPipeline.Editor.csproj", "{56b0ddcb-f8f4-c1a0-3e75-373a6ce24f0f}"
EndProject
Project("{FAE04EC0-301F-11D3-BF4B-00C04F79EFBC}") = "Zenject-UnitTests-Editor", "Zenject-UnitTests-Editor.csproj", "{5e322185-11eb-3582-8db6-3369c3090eec}"
EndProject
Project("{FAE04EC0-301F-11D3-BF4B-00C04F79EFBC}") = "Unity.VisualScripting.Core", "Unity.VisualScripting.Core.csproj", "{7815ca45-d869-0ab1-3447-8d605ba9f6be}"
EndProject
Project("{FAE04EC0-301F-11D3-BF4B-00C04F79EFBC}") = "UniTask.Linq", "UniTask.Linq.csproj", "{c4c4e636-1139-c3c8-32e7-cef9d5e49f67}"
EndProject
Project("{FAE04EC0-301F-11D3-BF4B-00C04F79EFBC}") = "Zenject-IntegrationTests", "Zenject-IntegrationTests.csproj", "{7568275d-6b05-2793-7515-4f8bd9671591}"
EndProject
Project("{FAE04EC0-301F-11D3-BF4B-00C04F79EFBC}") = "Unity.Addressables.Editor", "Unity.Addressables.Editor.csproj", "{c22e3c5c-d285-fbe8-93e2-60a97bf526ae}"
EndProject
Project("{FAE04EC0-301F-11D3-BF4B-00C04F79EFBC}") = "Unity.VisualScripting.Core.Editor", "Unity.VisualScripting.Core.Editor.csproj", "{4e9d9a80-a617-c343-3774-b8efd436437a}"
EndProject
Project("{FAE04EC0-301F-11D3-BF4B-00C04F79EFBC}") = "UniTask", "UniTask.csproj", "{6ab691d8-dd2f-3fda-cb14-d71c925a34ac}"
EndProject
Project("{FAE04EC0-301F-11D3-BF4B-00C04F79EFBC}") = "Assembly-CSharp", "Assembly-CSharp.csproj", "{81956668-959b-550c-988f-5e964408457f}"
EndProject
Project("{FAE04EC0-301F-11D3-BF4B-00C04F79EFBC}") = "Unity.VisualScripting.Flow.Editor", "Unity.VisualScripting.Flow.Editor.csproj", "{c4e2f609-317d-d982-f8c0-3a7b16d63601}"
EndProject
Project("{FAE04EC0-301F-11D3-BF4B-00C04F79EFBC}") = "UnityEditor.TestRunner", "UnityEditor.TestRunner.csproj", "{2a196f3e-7c0c-596f-f1cc-e516577cacdf}"
EndProject
Project("{FAE04EC0-301F-11D3-BF4B-00C04F79EFBC}") = "Zenject-IntegrationTests-Editor", "Zenject-IntegrationTests-Editor.csproj", "{788233d1-61f8-f154-d1cb-57380cd0fe15}"
EndProject
Project("{FAE04EC0-301F-11D3-BF4B-00C04F79EFBC}") = "Unity.VisualScripting.SettingsProvider.Editor", "Unity.VisualScripting.SettingsProvider.Editor.csproj", "{e0ca6d05-c2c3-68a4-8d99-726a977ffdf7}"
EndProject
Project("{FAE04EC0-301F-11D3-BF4B-00C04F79EFBC}") = "UnityEngine.TestRunner", "UnityEngine.TestRunner.csproj", "{fa4ac79a-ea5e-9e79-c7dd-16780dcac8dd}"
EndProject
Project("{FAE04EC0-301F-11D3-BF4B-00C04F79EFBC}") = "UnityEngine.UI", "UnityEngine.UI.csproj", "{85db6a96-0164-094f-f99d-d2b7fc272fd8}"
EndProject
Project("{FAE04EC0-301F-11D3-BF4B-00C04F79EFBC}") = "Unity.AI.Navigation.Editor", "Unity.AI.Navigation.Editor.csproj", "{67450649-c42e-78d5-7558-6504b1dcdc8d}"
EndProject
Project("{FAE04EC0-301F-11D3-BF4B-00C04F79EFBC}") = "Unity.VisualStudio.Editor", "Unity.VisualStudio.Editor.csproj", "{baff9586-d139-3e15-146f-dc1c5962e82f}"
EndProject
Project("{FAE04EC0-301F-11D3-BF4B-00C04F79EFBC}") = "Zenject-ReflectionBaking-Editor", "Zenject-ReflectionBaking-Editor.csproj", "{a3f6ec8c-833a-0b21-9a0b-93dc894b5fdc}"
EndProject
Project("{FAE04EC0-301F-11D3-BF4B-00C04F79EFBC}") = "Unity.TestTools.CodeCoverage.Editor.OpenCover.Model", "Unity.TestTools.CodeCoverage.Editor.OpenCover.Model.csproj", "{5b82b9e9-576e-57c5-cafe-8247a791c465}"
EndProject
Project("{FAE04EC0-301F-11D3-BF4B-00C04F79EFBC}") = "Unity.Rider.Editor", "Unity.Rider.Editor.csproj", "{45bdbad0-be50-bc0a-ce76-d95e4cc8061d}"
EndProject
Project("{FAE04EC0-301F-11D3-BF4B-00C04F79EFBC}") = "Unity.ResourceManager", "Unity.ResourceManager.csproj", "{514be38d-1d61-77d3-f68c-cc0bbd91fc15}"
EndProject
Project("{FAE04EC0-301F-11D3-BF4B-00C04F79EFBC}") = "Unity.AI.Navigation", "Unity.AI.Navigation.csproj", "{b29757cb-5f53-6faf-fea5-3fbb474c9294}"
EndProject
Project("{FAE04EC0-301F-11D3-BF4B-00C04F79EFBC}") = "Zenject-Editor", "Zenject-Editor.csproj", "{b775bef8-7549-9577-76f2-6384727aefbc}"
EndProject
Project("{FAE04EC0-301F-11D3-BF4B-00C04F79EFBC}") = "Unity.CollabProxy.Editor", "Unity.CollabProxy.Editor.csproj", "{5382ccbf-7795-bcdf-223f-e17183b2a6a7}"
EndProject
Project("{FAE04EC0-301F-11D3-BF4B-00C04F79EFBC}") = "Unity.Addressables", "Unity.Addressables.csproj", "{b9cf6b7d-1812-e5ef-a48f-83b631f32f37}"
EndProject
Project("{FAE04EC0-301F-11D3-BF4B-00C04F79EFBC}") = "Unity.AI.Navigation.Editor.ConversionSystem", "Unity.AI.Navigation.Editor.ConversionSystem.csproj", "{40aad6f7-3053-2b57-f198-4e7b455534fd}"
EndProject
Project("{FAE04EC0-301F-11D3-BF4B-00C04F79EFBC}") = "Unity.VisualScripting.State.Editor", "Unity.VisualScripting.State.Editor.csproj", "{761db22a-5693-ae2b-4832-8c83b78c664b}"
EndProject
Project("{FAE04EC0-301F-11D3-BF4B-00C04F79EFBC}") = "Unity.TestTools.CodeCoverage.Editor", "Unity.TestTools.CodeCoverage.Editor.csproj", "{e3e596d8-1251-4280-cfca-3c92da79f97c}"
EndProject
Project("{FAE04EC0-301F-11D3-BF4B-00C04F79EFBC}") = "Unity.VisualScripting.State", "Unity.VisualScripting.State.csproj", "{4036afe0-4d76-e65b-36c0-45bf22907ecb}"
EndProject
Project("{FAE04EC0-301F-11D3-BF4B-00C04F79EFBC}") = "Unity.TextMeshPro", "Unity.TextMeshPro.csproj", "{5b0180a2-9f6d-d1b6-1b06-33cc3b70a6db}"
EndProject
Project("{FAE04EC0-301F-11D3-BF4B-00C04F79EFBC}") = "Unity.Performance.Profile-Analyzer.Editor", "Unity.Performance.Profile-Analyzer.Editor.csproj", "{05ab159d-1900-bced-3625-30725b9fa61c}"
EndProject
Project("{FAE04EC0-301F-11D3-BF4B-00C04F79EFBC}") = "Unity.VSCode.Editor", "Unity.VSCode.Editor.csproj", "{770aff86-f8f1-8642-58d5-ef1a5f1781e7}"
EndProject
Project("{FAE04EC0-301F-11D3-BF4B-00C04F79EFBC}") = "Unity.TestTools.CodeCoverage.Editor.OpenCover.Mono.Reflection", "Unity.TestTools.CodeCoverage.Editor.OpenCover.Mono.Reflection.csproj", "{8c71f7cd-2fa6-a493-2d43-9e04c90f2738}"
EndProject
Project("{FAE04EC0-301F-11D3-BF4B-00C04F79EFBC}") = "Unity.AI.Navigation.Updater", "Unity.AI.Navigation.Updater.csproj", "{f8be6f78-dd09-2c4c-f6ef-cc221291a2fd}"
EndProject
Project("{FAE04EC0-301F-11D3-BF4B-00C04F79EFBC}") = "UniTask.Addressables", "UniTask.Addressables.csproj", "{f26af771-00ce-2dd6-77fb-27e032d2a68d}"
EndProject
Project("{FAE04EC0-301F-11D3-BF4B-00C04F79EFBC}") = "Zenject-TestFramework", "Zenject-TestFramework.csproj", "{888642e3-0284-d6ef-52e1-dd751ff6746e}"
EndProject
Project("{FAE04EC0-301F-11D3-BF4B-00C04F79EFBC}") = "Unity.Settings.Editor", "Unity.Settings.Editor.csproj", "{3b78c873-4a44-4da7-917d-eb25bbf477b1}"
EndProject
Project("{FAE04EC0-301F-11D3-BF4B-00C04F79EFBC}") = "UniTask.Editor", "UniTask.Editor.csproj", "{86f11570-f20f-4d85-5338-e380896f9fac}"
EndProject
Project("{FAE04EC0-301F-11D3-BF4B-00C04F79EFBC}") = "Unity.EditorCoroutines.Editor", "Unity.EditorCoroutines.Editor.csproj", "{40564143-e42a-b094-8d5f-05b1d6861141}"
EndProject
Project("{FAE04EC0-301F-11D3-BF4B-00C04F79EFBC}") = "Zenject-PoolMonitor-Editor", "Zenject-PoolMonitor-Editor.csproj", "{b3dc5111-eda8-8803-e540-e2d38d840236}"
EndProject
Project("{FAE04EC0-301F-11D3-BF4B-00C04F79EFBC}") = "UniTask.TextMeshPro", "UniTask.TextMeshPro.csproj", "{f56134ed-256b-6874-862d-7fa802359792}"
EndProject
Project("{FAE04EC0-301F-11D3-BF4B-00C04F79EFBC}") = "Unity.VisualScripting.Shared.Editor", "Unity.VisualScripting.Shared.Editor.csproj", "{d8bcb034-14e0-afae-b26d-66823ea725c5}"
EndProject
Project("{FAE04EC0-301F-11D3-BF4B-00C04F79EFBC}") = "UniTask.DOTween", "UniTask.DOTween.csproj", "{20c2541e-e8b2-3b77-521a-6f5fed715561}"
EndProject
Project("{FAE04EC0-301F-11D3-BF4B-00C04F79EFBC}") = "Unity.ScriptableBuildPipeline", "Unity.ScriptableBuildPipeline.csproj", "{abaebcc0-98dd-376f-b79b-34a12ccf36b8}"
EndProject
Project("{FAE04EC0-301F-11D3-BF4B-00C04F79EFBC}") = "Unity.Timeline", "Unity.Timeline.Player.csproj", "{8fc78f78-72fc-eb36-449c-d48eac186ab5}"
EndProject
Project("{FAE04EC0-301F-11D3-BF4B-00C04F79EFBC}") = "Zenject", "Zenject.Player.csproj", "{394adcaf-4e63-a596-a751-b3d26b39f1f2}"
EndProject
Project("{FAE04EC0-301F-11D3-BF4B-00C04F79EFBC}") = "Unity.VisualScripting.Flow", "Unity.VisualScripting.Flow.Player.csproj", "{93c21c42-2355-358c-c4cd-22e54ecadd75}"
EndProject
Project("{FAE04EC0-301F-11D3-BF4B-00C04F79EFBC}") = "Unity.VisualScripting.Core", "Unity.VisualScripting.Core.Player.csproj", "{791284ab-0647-01e0-6091-c8f2dea0590b}"
EndProject
Project("{FAE04EC0-301F-11D3-BF4B-00C04F79EFBC}") = "UniTask.Linq", "UniTask.Linq.Player.csproj", "{348e830f-5ddb-95dc-1422-ac025722ccf8}"
EndProject
Project("{FAE04EC0-301F-11D3-BF4B-00C04F79EFBC}") = "Zenject-IntegrationTests", "Zenject-IntegrationTests.Player.csproj", "{c4cbd5ab-5d44-8ec7-2e5f-3f33506f4981}"
EndProject
Project("{FAE04EC0-301F-11D3-BF4B-00C04F79EFBC}") = "UniTask", "UniTask.Player.csproj", "{63e51b9b-d012-ce3b-33dc-5423ac68ea06}"
EndProject
Project("{FAE04EC0-301F-11D3-BF4B-00C04F79EFBC}") = "Assembly-CSharp", "Assembly-CSharp.Player.csproj", "{82794334-9b70-26a7-2947-c3a9fc2de135}"
EndProject
Project("{FAE04EC0-301F-11D3-BF4B-00C04F79EFBC}") = "Zenject-IntegrationTests-Editor", "Zenject-IntegrationTests-Editor.Player.csproj", "{ebcfe82e-d503-a92e-7238-fead8911ce55}"
EndProject
Project("{FAE04EC0-301F-11D3-BF4B-00C04F79EFBC}") = "UnityEngine.TestRunner", "UnityEngine.TestRunner.Player.csproj", "{3e8f7b4f-07b2-859c-613e-2bdbe230e20e}"
EndProject
Project("{FAE04EC0-301F-11D3-BF4B-00C04F79EFBC}") = "UnityEngine.UI", "UnityEngine.UI.Player.csproj", "{2438b754-e635-3448-8bfd-2eaabc35324b}"
EndProject
Project("{FAE04EC0-301F-11D3-BF4B-00C04F79EFBC}") = "Unity.ResourceManager", "Unity.ResourceManager.Player.csproj", "{1224987b-2b2d-9e48-2327-922673bd7252}"
EndProject
Project("{FAE04EC0-301F-11D3-BF4B-00C04F79EFBC}") = "Unity.AI.Navigation", "Unity.AI.Navigation.Player.csproj", "{e6f7bbee-d3e3-6144-aa98-ab6456287b04}"
EndProject
Project("{FAE04EC0-301F-11D3-BF4B-00C04F79EFBC}") = "Unity.Addressables", "Unity.Addressables.Player.csproj", "{a621ed3f-65da-2009-dc52-48e42d277474}"
EndProject
Project("{FAE04EC0-301F-11D3-BF4B-00C04F79EFBC}") = "Unity.VisualScripting.State", "Unity.VisualScripting.State.Player.csproj", "{01612b7f-b791-585e-1bb7-114047d0c04e}"
EndProject
Project("{FAE04EC0-301F-11D3-BF4B-00C04F79EFBC}") = "Unity.TextMeshPro", "Unity.TextMeshPro.Player.csproj", "{0a1c3b4b-ac58-b7cb-8f9b-8aeffb86bfd0}"
EndProject
Project("{FAE04EC0-301F-11D3-BF4B-00C04F79EFBC}") = "UniTask.Addressables", "UniTask.Addressables.Player.csproj", "{2798ad43-0027-84f6-0574-a698e711c911}"
EndProject
Project("{FAE04EC0-301F-11D3-BF4B-00C04F79EFBC}") = "UniTask.TextMeshPro", "UniTask.TextMeshPro.Player.csproj", "{90a18653-6a8f-92ee-e89f-391b1f05ef5a}"
EndProject
Project("{FAE04EC0-301F-11D3-BF4B-00C04F79EFBC}") = "UniTask.DOTween", "UniTask.DOTween.Player.csproj", "{c816dd98-1281-75f9-39a5-0d700851d17b}"
EndProject
Project("{FAE04EC0-301F-11D3-BF4B-00C04F79EFBC}") = "Unity.ScriptableBuildPipeline", "Unity.ScriptableBuildPipeline.Player.csproj", "{5c3878fa-a904-0880-1579-155f5a9f8280}"
EndProject
Project("{FAE04EC0-301F-11D3-BF4B-00C04F79EFBC}") = "Assembly-CSharp-Editor", "Assembly-CSharp-Editor.csproj", "{c5e9e7ca-a30a-74d7-7132-57260e84c540}"
EndProject
Project("{FAE04EC0-301F-11D3-BF4B-00C04F79EFBC}") = "Unity.Addressables.Editor.Tests", "Unity.Addressables.Editor.Tests.csproj", "{dbebda8b-584c-8d30-5e80-1b6d480d6f79}"
EndProject
Project("{FAE04EC0-301F-11D3-BF4B-00C04F79EFBC}") = "Unity.ResourceManager.Tests", "Unity.ResourceManager.Tests.csproj", "{dd20259e-34ad-a8a2-5752-9798d16cc2f6}"
EndProject
Project("{FAE04EC0-301F-11D3-BF4B-00C04F79EFBC}") = "Unity.ScriptableBuildPipeline.Editor.Tests", "Unity.ScriptableBuildPipeline.Editor.Tests.csproj", "{8eeac0b1-0e1a-82e0-4c3a-9e978af49b95}"
EndProject
Project("{FAE04EC0-301F-11D3-BF4B-00C04F79EFBC}") = "Unity.Addressables.Tests", "Unity.Addressables.Tests.csproj", "{3b39583f-09b6-5dd0-b6cb-acae626fc906}"
EndProject
Project("{FAE04EC0-301F-11D3-BF4B-00C04F79EFBC}") = "ScriptableBuildPipelineTests", "ScriptableBuildPipelineTests.csproj", "{8847145a-d220-8bbc-0b1c-482fe088633d}"
EndProject
Project("{FAE04EC0-301F-11D3-BF4B-00C04F79EFBC}") = "Unity.AI.Navigation.Tests", "Unity.AI.Navigation.Tests.csproj", "{dce39463-e573-daec-6ced-e6a9d973097a}"
EndProject
Project("{FAE04EC0-301F-11D3-BF4B-00C04F79EFBC}") = "Unity.TestTools.CodeCoverage.Editor.Compatibility", "Unity.TestTools.CodeCoverage.Editor.Compatibility.csproj", "{cd002209-61ca-4735-9c04-0d8488343a0f}"
EndProject
Project("{FAE04EC0-301F-11D3-BF4B-00C04F79EFBC}") = "Unity.TextMeshPro.Editor.Tests", "Unity.TextMeshPro.Editor.Tests.csproj", "{41a4d924-35b6-b200-bd34-bb3ef0e8e690}"
EndProject
Project("{FAE04EC0-301F-11D3-BF4B-00C04F79EFBC}") = "DocCodeExamples", "DocCodeExamples.csproj", "{bb901cea-b44d-fbb2-2dd9-162589c7f2ec}"
EndProject
Project("{FAE04EC0-301F-11D3-BF4B-00C04F79EFBC}") = "Unity.Performance.Profile-Analyzer.EditorTests", "Unity.Performance.Profile-Analyzer.EditorTests.csproj", "{703b7a23-4543-9cbc-31aa-94888b395947}"
EndProject
Project("{FAE04EC0-301F-11D3-BF4B-00C04F79EFBC}") = "Unity.Settings.Tests", "Unity.Settings.Tests.csproj", "{7d795273-768f-5cd1-0ec5-1faf5db2b952}"
EndProject
Project("{FAE04EC0-301F-11D3-BF4B-00C04F79EFBC}") = "Unity.AI.Navigation.Editor.Tests", "Unity.AI.Navigation.Editor.Tests.csproj", "{a82b3d8a-6c0b-2922-7cd9-a0b9334322b1}"
EndProject
Project("{FAE04EC0-301F-11D3-BF4B-00C04F79EFBC}") = "UnityEngine.UI.Tests", "UnityEngine.UI.Tests.csproj", "{afd06415-e881-0dc0-5954-62db92f13cca}"
EndProject
Project("{FAE04EC0-301F-11D3-BF4B-00C04F79EFBC}") = "Unity.TextMeshPro.Tests", "Unity.TextMeshPro.Tests.csproj", "{d507515d-721b-ca7f-fd15-03962e832fc1}"
EndProject
Project("{FAE04EC0-301F-11D3-BF4B-00C04F79EFBC}") = "UnityEditor.UI.EditorTests", "UnityEditor.UI.EditorTests.csproj", "{42ce9f23-8455-9abe-bb06-8352540fbf28}"
EndProject
Project("{FAE04EC0-301F-11D3-BF4B-00C04F79EFBC}") = "Unity.ScriptableBuildPipeline.Tests", "Unity.ScriptableBuildPipeline.Tests.csproj", "{c637ec62-b199-4495-9241-9c093f339724}"
EndProject
Global
	GlobalSection(SolutionConfigurationPlatforms) = preSolution
		Debug|Any CPU = Debug|Any CPU
	EndGlobalSection
	GlobalSection(ProjectConfigurationPlatforms) = postSolution
		{38265fb4-adc5-51fb-2fa0-839ceeaa3708}.Debug|Any CPU.ActiveCfg = Debug|Any CPU
		{38265fb4-adc5-51fb-2fa0-839ceeaa3708}.Debug|Any CPU.Build.0 = Debug|Any CPU
		{3bcc8a66-be45-4c3c-f019-46607ddaf09d}.Debug|Any CPU.ActiveCfg = Debug|Any CPU
		{3bcc8a66-be45-4c3c-f019-46607ddaf09d}.Debug|Any CPU.Build.0 = Debug|Any CPU
		{25f8a374-d41e-b483-e4d4-2eb4f65553b4}.Debug|Any CPU.ActiveCfg = Debug|Any CPU
		{25f8a374-d41e-b483-e4d4-2eb4f65553b4}.Debug|Any CPU.Build.0 = Debug|Any CPU
		{c1fe0197-07ba-c5cf-b8f4-d895616b7bd8}.Debug|Any CPU.ActiveCfg = Debug|Any CPU
		{c1fe0197-07ba-c5cf-b8f4-d895616b7bd8}.Debug|Any CPU.Build.0 = Debug|Any CPU
		{7b3bd206-e28c-a660-71e2-7f62c846ee69}.Debug|Any CPU.ActiveCfg = Debug|Any CPU
		{7b3bd206-e28c-a660-71e2-7f62c846ee69}.Debug|Any CPU.Build.0 = Debug|Any CPU
		{61035ef5-cdf9-334c-cd6b-3336b2f1f23e}.Debug|Any CPU.ActiveCfg = Debug|Any CPU
		{61035ef5-cdf9-334c-cd6b-3336b2f1f23e}.Debug|Any CPU.Build.0 = Debug|Any CPU
		{f0512940-4095-6990-09da-6cbab1d754c4}.Debug|Any CPU.ActiveCfg = Debug|Any CPU
		{f0512940-4095-6990-09da-6cbab1d754c4}.Debug|Any CPU.Build.0 = Debug|Any CPU
		{285d09a0-372e-8d2a-3fbd-f5b0e9ecf350}.Debug|Any CPU.ActiveCfg = Debug|Any CPU
		{285d09a0-372e-8d2a-3fbd-f5b0e9ecf350}.Debug|Any CPU.Build.0 = Debug|Any CPU
		{56b0ddcb-f8f4-c1a0-3e75-373a6ce24f0f}.Debug|Any CPU.ActiveCfg = Debug|Any CPU
		{56b0ddcb-f8f4-c1a0-3e75-373a6ce24f0f}.Debug|Any CPU.Build.0 = Debug|Any CPU
		{5e322185-11eb-3582-8db6-3369c3090eec}.Debug|Any CPU.ActiveCfg = Debug|Any CPU
		{5e322185-11eb-3582-8db6-3369c3090eec}.Debug|Any CPU.Build.0 = Debug|Any CPU
		{7815ca45-d869-0ab1-3447-8d605ba9f6be}.Debug|Any CPU.ActiveCfg = Debug|Any CPU
		{7815ca45-d869-0ab1-3447-8d605ba9f6be}.Debug|Any CPU.Build.0 = Debug|Any CPU
		{c4c4e636-1139-c3c8-32e7-cef9d5e49f67}.Debug|Any CPU.ActiveCfg = Debug|Any CPU
		{c4c4e636-1139-c3c8-32e7-cef9d5e49f67}.Debug|Any CPU.Build.0 = Debug|Any CPU
		{7568275d-6b05-2793-7515-4f8bd9671591}.Debug|Any CPU.ActiveCfg = Debug|Any CPU
		{7568275d-6b05-2793-7515-4f8bd9671591}.Debug|Any CPU.Build.0 = Debug|Any CPU
		{c22e3c5c-d285-fbe8-93e2-60a97bf526ae}.Debug|Any CPU.ActiveCfg = Debug|Any CPU
		{c22e3c5c-d285-fbe8-93e2-60a97bf526ae}.Debug|Any CPU.Build.0 = Debug|Any CPU
		{4e9d9a80-a617-c343-3774-b8efd436437a}.Debug|Any CPU.ActiveCfg = Debug|Any CPU
		{4e9d9a80-a617-c343-3774-b8efd436437a}.Debug|Any CPU.Build.0 = Debug|Any CPU
		{6ab691d8-dd2f-3fda-cb14-d71c925a34ac}.Debug|Any CPU.ActiveCfg = Debug|Any CPU
		{6ab691d8-dd2f-3fda-cb14-d71c925a34ac}.Debug|Any CPU.Build.0 = Debug|Any CPU
		{81956668-959b-550c-988f-5e964408457f}.Debug|Any CPU.ActiveCfg = Debug|Any CPU
		{81956668-959b-550c-988f-5e964408457f}.Debug|Any CPU.Build.0 = Debug|Any CPU
		{c4e2f609-317d-d982-f8c0-3a7b16d63601}.Debug|Any CPU.ActiveCfg = Debug|Any CPU
		{c4e2f609-317d-d982-f8c0-3a7b16d63601}.Debug|Any CPU.Build.0 = Debug|Any CPU
		{2a196f3e-7c0c-596f-f1cc-e516577cacdf}.Debug|Any CPU.ActiveCfg = Debug|Any CPU
		{2a196f3e-7c0c-596f-f1cc-e516577cacdf}.Debug|Any CPU.Build.0 = Debug|Any CPU
		{788233d1-61f8-f154-d1cb-57380cd0fe15}.Debug|Any CPU.ActiveCfg = Debug|Any CPU
		{788233d1-61f8-f154-d1cb-57380cd0fe15}.Debug|Any CPU.Build.0 = Debug|Any CPU
		{e0ca6d05-c2c3-68a4-8d99-726a977ffdf7}.Debug|Any CPU.ActiveCfg = Debug|Any CPU
		{e0ca6d05-c2c3-68a4-8d99-726a977ffdf7}.Debug|Any CPU.Build.0 = Debug|Any CPU
		{fa4ac79a-ea5e-9e79-c7dd-16780dcac8dd}.Debug|Any CPU.ActiveCfg = Debug|Any CPU
		{fa4ac79a-ea5e-9e79-c7dd-16780dcac8dd}.Debug|Any CPU.Build.0 = Debug|Any CPU
		{85db6a96-0164-094f-f99d-d2b7fc272fd8}.Debug|Any CPU.ActiveCfg = Debug|Any CPU
		{85db6a96-0164-094f-f99d-d2b7fc272fd8}.Debug|Any CPU.Build.0 = Debug|Any CPU
		{67450649-c42e-78d5-7558-6504b1dcdc8d}.Debug|Any CPU.ActiveCfg = Debug|Any CPU
		{67450649-c42e-78d5-7558-6504b1dcdc8d}.Debug|Any CPU.Build.0 = Debug|Any CPU
		{baff9586-d139-3e15-146f-dc1c5962e82f}.Debug|Any CPU.ActiveCfg = Debug|Any CPU
		{baff9586-d139-3e15-146f-dc1c5962e82f}.Debug|Any CPU.Build.0 = Debug|Any CPU
		{a3f6ec8c-833a-0b21-9a0b-93dc894b5fdc}.Debug|Any CPU.ActiveCfg = Debug|Any CPU
		{a3f6ec8c-833a-0b21-9a0b-93dc894b5fdc}.Debug|Any CPU.Build.0 = Debug|Any CPU
		{5b82b9e9-576e-57c5-cafe-8247a791c465}.Debug|Any CPU.ActiveCfg = Debug|Any CPU
		{5b82b9e9-576e-57c5-cafe-8247a791c465}.Debug|Any CPU.Build.0 = Debug|Any CPU
		{45bdbad0-be50-bc0a-ce76-d95e4cc8061d}.Debug|Any CPU.ActiveCfg = Debug|Any CPU
		{45bdbad0-be50-bc0a-ce76-d95e4cc8061d}.Debug|Any CPU.Build.0 = Debug|Any CPU
		{514be38d-1d61-77d3-f68c-cc0bbd91fc15}.Debug|Any CPU.ActiveCfg = Debug|Any CPU
		{514be38d-1d61-77d3-f68c-cc0bbd91fc15}.Debug|Any CPU.Build.0 = Debug|Any CPU
		{b29757cb-5f53-6faf-fea5-3fbb474c9294}.Debug|Any CPU.ActiveCfg = Debug|Any CPU
		{b29757cb-5f53-6faf-fea5-3fbb474c9294}.Debug|Any CPU.Build.0 = Debug|Any CPU
		{b775bef8-7549-9577-76f2-6384727aefbc}.Debug|Any CPU.ActiveCfg = Debug|Any CPU
		{b775bef8-7549-9577-76f2-6384727aefbc}.Debug|Any CPU.Build.0 = Debug|Any CPU
		{5382ccbf-7795-bcdf-223f-e17183b2a6a7}.Debug|Any CPU.ActiveCfg = Debug|Any CPU
		{5382ccbf-7795-bcdf-223f-e17183b2a6a7}.Debug|Any CPU.Build.0 = Debug|Any CPU
		{b9cf6b7d-1812-e5ef-a48f-83b631f32f37}.Debug|Any CPU.ActiveCfg = Debug|Any CPU
		{b9cf6b7d-1812-e5ef-a48f-83b631f32f37}.Debug|Any CPU.Build.0 = Debug|Any CPU
		{40aad6f7-3053-2b57-f198-4e7b455534fd}.Debug|Any CPU.ActiveCfg = Debug|Any CPU
		{40aad6f7-3053-2b57-f198-4e7b455534fd}.Debug|Any CPU.Build.0 = Debug|Any CPU
		{761db22a-5693-ae2b-4832-8c83b78c664b}.Debug|Any CPU.ActiveCfg = Debug|Any CPU
		{761db22a-5693-ae2b-4832-8c83b78c664b}.Debug|Any CPU.Build.0 = Debug|Any CPU
		{e3e596d8-1251-4280-cfca-3c92da79f97c}.Debug|Any CPU.ActiveCfg = Debug|Any CPU
		{e3e596d8-1251-4280-cfca-3c92da79f97c}.Debug|Any CPU.Build.0 = Debug|Any CPU
		{4036afe0-4d76-e65b-36c0-45bf22907ecb}.Debug|Any CPU.ActiveCfg = Debug|Any CPU
		{4036afe0-4d76-e65b-36c0-45bf22907ecb}.Debug|Any CPU.Build.0 = Debug|Any CPU
		{5b0180a2-9f6d-d1b6-1b06-33cc3b70a6db}.Debug|Any CPU.ActiveCfg = Debug|Any CPU
		{5b0180a2-9f6d-d1b6-1b06-33cc3b70a6db}.Debug|Any CPU.Build.0 = Debug|Any CPU
		{05ab159d-1900-bced-3625-30725b9fa61c}.Debug|Any CPU.ActiveCfg = Debug|Any CPU
		{05ab159d-1900-bced-3625-30725b9fa61c}.Debug|Any CPU.Build.0 = Debug|Any CPU
		{770aff86-f8f1-8642-58d5-ef1a5f1781e7}.Debug|Any CPU.ActiveCfg = Debug|Any CPU
		{770aff86-f8f1-8642-58d5-ef1a5f1781e7}.Debug|Any CPU.Build.0 = Debug|Any CPU
		{8c71f7cd-2fa6-a493-2d43-9e04c90f2738}.Debug|Any CPU.ActiveCfg = Debug|Any CPU
		{8c71f7cd-2fa6-a493-2d43-9e04c90f2738}.Debug|Any CPU.Build.0 = Debug|Any CPU
		{f8be6f78-dd09-2c4c-f6ef-cc221291a2fd}.Debug|Any CPU.ActiveCfg = Debug|Any CPU
		{f8be6f78-dd09-2c4c-f6ef-cc221291a2fd}.Debug|Any CPU.Build.0 = Debug|Any CPU
		{f26af771-00ce-2dd6-77fb-27e032d2a68d}.Debug|Any CPU.ActiveCfg = Debug|Any CPU
		{f26af771-00ce-2dd6-77fb-27e032d2a68d}.Debug|Any CPU.Build.0 = Debug|Any CPU
		{888642e3-0284-d6ef-52e1-dd751ff6746e}.Debug|Any CPU.ActiveCfg = Debug|Any CPU
		{888642e3-0284-d6ef-52e1-dd751ff6746e}.Debug|Any CPU.Build.0 = Debug|Any CPU
		{3b78c873-4a44-4da7-917d-eb25bbf477b1}.Debug|Any CPU.ActiveCfg = Debug|Any CPU
		{3b78c873-4a44-4da7-917d-eb25bbf477b1}.Debug|Any CPU.Build.0 = Debug|Any CPU
		{86f11570-f20f-4d85-5338-e380896f9fac}.Debug|Any CPU.ActiveCfg = Debug|Any CPU
		{86f11570-f20f-4d85-5338-e380896f9fac}.Debug|Any CPU.Build.0 = Debug|Any CPU
		{40564143-e42a-b094-8d5f-05b1d6861141}.Debug|Any CPU.ActiveCfg = Debug|Any CPU
		{40564143-e42a-b094-8d5f-05b1d6861141}.Debug|Any CPU.Build.0 = Debug|Any CPU
		{b3dc5111-eda8-8803-e540-e2d38d840236}.Debug|Any CPU.ActiveCfg = Debug|Any CPU
		{b3dc5111-eda8-8803-e540-e2d38d840236}.Debug|Any CPU.Build.0 = Debug|Any CPU
		{f56134ed-256b-6874-862d-7fa802359792}.Debug|Any CPU.ActiveCfg = Debug|Any CPU
		{f56134ed-256b-6874-862d-7fa802359792}.Debug|Any CPU.Build.0 = Debug|Any CPU
		{d8bcb034-14e0-afae-b26d-66823ea725c5}.Debug|Any CPU.ActiveCfg = Debug|Any CPU
		{d8bcb034-14e0-afae-b26d-66823ea725c5}.Debug|Any CPU.Build.0 = Debug|Any CPU
		{20c2541e-e8b2-3b77-521a-6f5fed715561}.Debug|Any CPU.ActiveCfg = Debug|Any CPU
		{20c2541e-e8b2-3b77-521a-6f5fed715561}.Debug|Any CPU.Build.0 = Debug|Any CPU
		{abaebcc0-98dd-376f-b79b-34a12ccf36b8}.Debug|Any CPU.ActiveCfg = Debug|Any CPU
		{abaebcc0-98dd-376f-b79b-34a12ccf36b8}.Debug|Any CPU.Build.0 = Debug|Any CPU
		{8fc78f78-72fc-eb36-449c-d48eac186ab5}.Debug|Any CPU.ActiveCfg = Debug|Any CPU
		{8fc78f78-72fc-eb36-449c-d48eac186ab5}.Debug|Any CPU.Build.0 = Debug|Any CPU
		{394adcaf-4e63-a596-a751-b3d26b39f1f2}.Debug|Any CPU.ActiveCfg = Debug|Any CPU
		{394adcaf-4e63-a596-a751-b3d26b39f1f2}.Debug|Any CPU.Build.0 = Debug|Any CPU
		{93c21c42-2355-358c-c4cd-22e54ecadd75}.Debug|Any CPU.ActiveCfg = Debug|Any CPU
		{93c21c42-2355-358c-c4cd-22e54ecadd75}.Debug|Any CPU.Build.0 = Debug|Any CPU
		{791284ab-0647-01e0-6091-c8f2dea0590b}.Debug|Any CPU.ActiveCfg = Debug|Any CPU
		{791284ab-0647-01e0-6091-c8f2dea0590b}.Debug|Any CPU.Build.0 = Debug|Any CPU
		{348e830f-5ddb-95dc-1422-ac025722ccf8}.Debug|Any CPU.ActiveCfg = Debug|Any CPU
		{348e830f-5ddb-95dc-1422-ac025722ccf8}.Debug|Any CPU.Build.0 = Debug|Any CPU
		{c4cbd5ab-5d44-8ec7-2e5f-3f33506f4981}.Debug|Any CPU.ActiveCfg = Debug|Any CPU
		{c4cbd5ab-5d44-8ec7-2e5f-3f33506f4981}.Debug|Any CPU.Build.0 = Debug|Any CPU
		{63e51b9b-d012-ce3b-33dc-5423ac68ea06}.Debug|Any CPU.ActiveCfg = Debug|Any CPU
		{63e51b9b-d012-ce3b-33dc-5423ac68ea06}.Debug|Any CPU.Build.0 = Debug|Any CPU
		{82794334-9b70-26a7-2947-c3a9fc2de135}.Debug|Any CPU.ActiveCfg = Debug|Any CPU
		{82794334-9b70-26a7-2947-c3a9fc2de135}.Debug|Any CPU.Build.0 = Debug|Any CPU
		{ebcfe82e-d503-a92e-7238-fead8911ce55}.Debug|Any CPU.ActiveCfg = Debug|Any CPU
		{ebcfe82e-d503-a92e-7238-fead8911ce55}.Debug|Any CPU.Build.0 = Debug|Any CPU
		{3e8f7b4f-07b2-859c-613e-2bdbe230e20e}.Debug|Any CPU.ActiveCfg = Debug|Any CPU
		{3e8f7b4f-07b2-859c-613e-2bdbe230e20e}.Debug|Any CPU.Build.0 = Debug|Any CPU
		{2438b754-e635-3448-8bfd-2eaabc35324b}.Debug|Any CPU.ActiveCfg = Debug|Any CPU
		{2438b754-e635-3448-8bfd-2eaabc35324b}.Debug|Any CPU.Build.0 = Debug|Any CPU
		{1224987b-2b2d-9e48-2327-922673bd7252}.Debug|Any CPU.ActiveCfg = Debug|Any CPU
		{1224987b-2b2d-9e48-2327-922673bd7252}.Debug|Any CPU.Build.0 = Debug|Any CPU
		{e6f7bbee-d3e3-6144-aa98-ab6456287b04}.Debug|Any CPU.ActiveCfg = Debug|Any CPU
		{e6f7bbee-d3e3-6144-aa98-ab6456287b04}.Debug|Any CPU.Build.0 = Debug|Any CPU
		{a621ed3f-65da-2009-dc52-48e42d277474}.Debug|Any CPU.ActiveCfg = Debug|Any CPU
		{a621ed3f-65da-2009-dc52-48e42d277474}.Debug|Any CPU.Build.0 = Debug|Any CPU
		{01612b7f-b791-585e-1bb7-114047d0c04e}.Debug|Any CPU.ActiveCfg = Debug|Any CPU
		{01612b7f-b791-585e-1bb7-114047d0c04e}.Debug|Any CPU.Build.0 = Debug|Any CPU
		{0a1c3b4b-ac58-b7cb-8f9b-8aeffb86bfd0}.Debug|Any CPU.ActiveCfg = Debug|Any CPU
		{0a1c3b4b-ac58-b7cb-8f9b-8aeffb86bfd0}.Debug|Any CPU.Build.0 = Debug|Any CPU
		{2798ad43-0027-84f6-0574-a698e711c911}.Debug|Any CPU.ActiveCfg = Debug|Any CPU
		{2798ad43-0027-84f6-0574-a698e711c911}.Debug|Any CPU.Build.0 = Debug|Any CPU
		{90a18653-6a8f-92ee-e89f-391b1f05ef5a}.Debug|Any CPU.ActiveCfg = Debug|Any CPU
		{90a18653-6a8f-92ee-e89f-391b1f05ef5a}.Debug|Any CPU.Build.0 = Debug|Any CPU
		{c816dd98-1281-75f9-39a5-0d700851d17b}.Debug|Any CPU.ActiveCfg = Debug|Any CPU
		{c816dd98-1281-75f9-39a5-0d700851d17b}.Debug|Any CPU.Build.0 = Debug|Any CPU
		{5c3878fa-a904-0880-1579-155f5a9f8280}.Debug|Any CPU.ActiveCfg = Debug|Any CPU
		{5c3878fa-a904-0880-1579-155f5a9f8280}.Debug|Any CPU.Build.0 = Debug|Any CPU
		{c5e9e7ca-a30a-74d7-7132-57260e84c540}.Debug|Any CPU.ActiveCfg = Debug|Any CPU
		{c5e9e7ca-a30a-74d7-7132-57260e84c540}.Debug|Any CPU.Build.0 = Debug|Any CPU
		{dbebda8b-584c-8d30-5e80-1b6d480d6f79}.Debug|Any CPU.ActiveCfg = Debug|Any CPU
		{dbebda8b-584c-8d30-5e80-1b6d480d6f79}.Debug|Any CPU.Build.0 = Debug|Any CPU
		{dd20259e-34ad-a8a2-5752-9798d16cc2f6}.Debug|Any CPU.ActiveCfg = Debug|Any CPU
		{dd20259e-34ad-a8a2-5752-9798d16cc2f6}.Debug|Any CPU.Build.0 = Debug|Any CPU
		{8eeac0b1-0e1a-82e0-4c3a-9e978af49b95}.Debug|Any CPU.ActiveCfg = Debug|Any CPU
		{8eeac0b1-0e1a-82e0-4c3a-9e978af49b95}.Debug|Any CPU.Build.0 = Debug|Any CPU
		{3b39583f-09b6-5dd0-b6cb-acae626fc906}.Debug|Any CPU.ActiveCfg = Debug|Any CPU
		{3b39583f-09b6-5dd0-b6cb-acae626fc906}.Debug|Any CPU.Build.0 = Debug|Any CPU
		{8847145a-d220-8bbc-0b1c-482fe088633d}.Debug|Any CPU.ActiveCfg = Debug|Any CPU
		{8847145a-d220-8bbc-0b1c-482fe088633d}.Debug|Any CPU.Build.0 = Debug|Any CPU
		{dce39463-e573-daec-6ced-e6a9d973097a}.Debug|Any CPU.ActiveCfg = Debug|Any CPU
		{dce39463-e573-daec-6ced-e6a9d973097a}.Debug|Any CPU.Build.0 = Debug|Any CPU
		{cd002209-61ca-4735-9c04-0d8488343a0f}.Debug|Any CPU.ActiveCfg = Debug|Any CPU
		{cd002209-61ca-4735-9c04-0d8488343a0f}.Debug|Any CPU.Build.0 = Debug|Any CPU
		{41a4d924-35b6-b200-bd34-bb3ef0e8e690}.Debug|Any CPU.ActiveCfg = Debug|Any CPU
		{41a4d924-35b6-b200-bd34-bb3ef0e8e690}.Debug|Any CPU.Build.0 = Debug|Any CPU
		{bb901cea-b44d-fbb2-2dd9-162589c7f2ec}.Debug|Any CPU.ActiveCfg = Debug|Any CPU
		{bb901cea-b44d-fbb2-2dd9-162589c7f2ec}.Debug|Any CPU.Build.0 = Debug|Any CPU
		{703b7a23-4543-9cbc-31aa-94888b395947}.Debug|Any CPU.ActiveCfg = Debug|Any CPU
		{703b7a23-4543-9cbc-31aa-94888b395947}.Debug|Any CPU.Build.0 = Debug|Any CPU
		{7d795273-768f-5cd1-0ec5-1faf5db2b952}.Debug|Any CPU.ActiveCfg = Debug|Any CPU
		{7d795273-768f-5cd1-0ec5-1faf5db2b952}.Debug|Any CPU.Build.0 = Debug|Any CPU
		{a82b3d8a-6c0b-2922-7cd9-a0b9334322b1}.Debug|Any CPU.ActiveCfg = Debug|Any CPU
		{a82b3d8a-6c0b-2922-7cd9-a0b9334322b1}.Debug|Any CPU.Build.0 = Debug|Any CPU
		{afd06415-e881-0dc0-5954-62db92f13cca}.Debug|Any CPU.ActiveCfg = Debug|Any CPU
		{afd06415-e881-0dc0-5954-62db92f13cca}.Debug|Any CPU.Build.0 = Debug|Any CPU
		{d507515d-721b-ca7f-fd15-03962e832fc1}.Debug|Any CPU.ActiveCfg = Debug|Any CPU
		{d507515d-721b-ca7f-fd15-03962e832fc1}.Debug|Any CPU.Build.0 = Debug|Any CPU
		{42ce9f23-8455-9abe-bb06-8352540fbf28}.Debug|Any CPU.ActiveCfg = Debug|Any CPU
		{42ce9f23-8455-9abe-bb06-8352540fbf28}.Debug|Any CPU.Build.0 = Debug|Any CPU
		{c637ec62-b199-4495-9241-9c093f339724}.Debug|Any CPU.ActiveCfg = Debug|Any CPU
		{c637ec62-b199-4495-9241-9c093f339724}.Debug|Any CPU.Build.0 = Debug|Any CPU
	EndGlobalSection
	GlobalSection(SolutionProperties) = preSolution
		HideSolutionNode = FALSE
	EndGlobalSection
EndGlobal
